
Microsoft Visual Studio Solution File, Format Version 12.00
# Visual Studio Version 17
VisualStudioVersion = 17.0.31903.59
MinimumVisualStudioVersion = 10.0.40219.1
Project("{2150E333-8FDC-42A3-9474-1A3956D46DE8}") = "src", "src", "{827E0CD3-B72D-47B6-A68D-7590B98EB39B}"
EndProject
Project("{FAE04EC0-301F-11D3-BF4B-00C04F79EFBC}") = "ScreenFerry.Core", "src\ScreenFerry.Core\ScreenFerry.Core.csproj", "{0377FE28-BA4C-46A2-AE1F-6E2AF6DB7E57}"
EndProject
Project("{FAE04EC0-301F-11D3-BF4B-00C04F79EFBC}") = "ScreenFerry.App", "src\ScreenFerry.App\ScreenFerry.App.csproj", "{AE4EFBF5-6AD3-4CD7-8D06-2241309ED7D6}"
EndProject
Project("{2150E333-8FDC-42A3-9474-1A3956D46DE8}") = "tests", "tests", "{0AB3BF05-4346-4AA6-1389-037BE0695223}"
EndProject
Project("{FAE04EC0-301F-11D3-BF4B-00C04F79EFBC}") = "ScreenFerry.Core.Tests", "tests\ScreenFerry.Core.Tests\ScreenFerry.Core.Tests.csproj", "{580BAC04-0E1B-44C3-B286-909954C94D48}"
EndProject
Project("{FAE04EC0-301F-11D3-BF4B-00C04F79EFBC}") = "ScreenFerry.Windows", "src\ScreenFerry.Windows\ScreenFerry.Windows.csproj", "{1A188D6A-8359-4AC1-BDC5-AE0C1745C87F}"
EndProject
Project("{2150E333-8FDC-42A3-9474-1A3956D46DE8}") = "tools", "tools", "{07C2787E-EAC7-C090-1BA3-A61EC2A24D84}"
EndProject
Project("{FAE04EC0-301F-11D3-BF4B-00C04F79EFBC}") = "ddc-probe", "..\..\tools\ddc-probe-windows\ddc-probe.csproj", "{A558D650-657B-41AB-A160-FF373CAFA693}"
EndProject
Global
	GlobalSection(SolutionConfigurationPlatforms) = preSolution
		Debug|Any CPU = Debug|Any CPU
		Debug|x64 = Debug|x64
		Debug|x86 = Debug|x86
		Release|Any CPU = Release|Any CPU
		Release|x64 = Release|x64
		Release|x86 = Release|x86
	EndGlobalSection
	GlobalSection(ProjectConfigurationPlatforms) = postSolution
		{0377FE28-BA4C-46A2-AE1F-6E2AF6DB7E57}.Debug|Any CPU.ActiveCfg = Debug|Any CPU
		{0377FE28-BA4C-46A2-AE1F-6E2AF6DB7E57}.Debug|Any CPU.Build.0 = Debug|Any CPU
		{0377FE28-BA4C-46A2-AE1F-6E2AF6DB7E57}.Debug|x64.ActiveCfg = Debug|Any CPU
		{0377FE28-BA4C-46A2-AE1F-6E2AF6DB7E57}.Debug|x64.Build.0 = Debug|Any CPU
		{0377FE28-BA4C-46A2-AE1F-6E2AF6DB7E57}.Debug|x86.ActiveCfg = Debug|Any CPU
		{0377FE28-BA4C-46A2-AE1F-6E2AF6DB7E57}.Debug|x86.Build.0 = Debug|Any CPU
		{0377FE28-BA4C-46A2-AE1F-6E2AF6DB7E57}.Release|Any CPU.ActiveCfg = Release|Any CPU
		{0377FE28-BA4C-46A2-AE1F-6E2AF6DB7E57}.Release|Any CPU.Build.0 = Release|Any CPU
		{0377FE28-BA4C-46A2-AE1F-6E2AF6DB7E57}.Release|x64.ActiveCfg = Release|Any CPU
		{0377FE28-BA4C-46A2-AE1F-6E2AF6DB7E57}.Release|x64.Build.0 = Release|Any CPU
		{0377FE28-BA4C-46A2-AE1F-6E2AF6DB7E57}.Release|x86.ActiveCfg = Release|Any CPU
		{0377FE28-BA4C-46A2-AE1F-6E2AF6DB7E57}.Release|x86.Build.0 = Release|Any CPU
		{AE4EFBF5-6AD3-4CD7-8D06-2241309ED7D6}.Debug|Any CPU.ActiveCfg = Debug|Any CPU
		{AE4EFBF5-6AD3-4CD7-8D06-2241309ED7D6}.Debug|Any CPU.Build.0 = Debug|Any CPU
		{AE4EFBF5-6AD3-4CD7-8D06-2241309ED7D6}.Debug|x64.ActiveCfg = Debug|Any CPU
		{AE4EFBF5-6AD3-4CD7-8D06-2241309ED7D6}.Debug|x64.Build.0 = Debug|Any CPU
		{AE4EFBF5-6AD3-4CD7-8D06-2241309ED7D6}.Debug|x86.ActiveCfg = Debug|Any CPU
		{AE4EFBF5-6AD3-4CD7-8D06-2241309ED7D6}.Debug|x86.Build.0 = Debug|Any CPU
		{AE4EFBF5-6AD3-4CD7-8D06-2241309ED7D6}.Release|Any CPU.ActiveCfg = Release|Any CPU
		{AE4EFBF5-6AD3-4CD7-8D06-2241309ED7D6}.Release|Any CPU.Build.0 = Release|Any CPU
		{AE4EFBF5-6AD3-4CD7-8D06-2241309ED7D6}.Release|x64.ActiveCfg = Release|Any CPU
		{AE4EFBF5-6AD3-4CD7-8D06-2241309ED7D6}.Release|x64.Build.0 = Release|Any CPU
		{AE4EFBF5-6AD3-4CD7-8D06-2241309ED7D6}.Release|x86.ActiveCfg = Release|Any CPU
		{AE4EFBF5-6AD3-4CD7-8D06-2241309ED7D6}.Release|x86.Build.0 = Release|Any CPU
		{580BAC04-0E1B-44C3-B286-909954C94D48}.Debug|Any CPU.ActiveCfg = Debug|Any CPU
		{580BAC04-0E1B-44C3-B286-909954C94D48}.Debug|Any CPU.Build.0 = Debug|Any CPU
		{580BAC04-0E1B-44C3-B286-909954C94D48}.Debug|x64.ActiveCfg = Debug|Any CPU
		{580BAC04-0E1B-44C3-B286-909954C94D48}.Debug|x64.Build.0 = Debug|Any CPU
		{580BAC04-0E1B-44C3-B286-909954C94D48}.Debug|x86.ActiveCfg = Debug|Any CPU
		{580BAC04-0E1B-44C3-B286-909954C94D48}.Debug|x86.Build.0 = Debug|Any CPU
		{580BAC04-0E1B-44C3-B286-909954C94D48}.Release|Any CPU.ActiveCfg = Release|Any CPU
		{580BAC04-0E1B-44C3-B286-909954C94D48}.Release|Any CPU.Build.0 = Release|Any CPU
		{580BAC04-0E1B-44C3-B286-909954C94D48}.Release|x64.ActiveCfg = Release|Any CPU
		{580BAC04-0E1B-44C3-B286-909954C94D48}.Release|x64.Build.0 = Release|Any CPU
		{580BAC04-0E1B-44C3-B286-909954C94D48}.Release|x86.ActiveCfg = Release|Any CPU
		{580BAC04-0E1B-44C3-B286-909954C94D48}.Release|x86.Build.0 = Release|Any CPU
		{1A188D6A-8359-4AC1-BDC5-AE0C1745C87F}.Debug|Any CPU.ActiveCfg = Debug|Any CPU
		{1A188D6A-8359-4AC1-BDC5-AE0C1745C87F}.Debug|Any CPU.Build.0 = Debug|Any CPU
		{1A188D6A-8359-4AC1-BDC5-AE0C1745C87F}.Debug|x64.ActiveCfg = Debug|Any CPU
		{1A188D6A-8359-4AC1-BDC5-AE0C1745C87F}.Debug|x64.Build.0 = Debug|Any CPU
		{1A188D6A-8359-4AC1-BDC5-AE0C1745C87F}.Debug|x86.ActiveCfg = Debug|Any CPU
		{1A188D6A-8359-4AC1-BDC5-AE0C1745C87F}.Debug|x86.Build.0 = Debug|Any CPU
		{1A188D6A-8359-4AC1-BDC5-AE0C1745C87F}.Release|Any CPU.ActiveCfg = Release|Any CPU
		{1A188D6A-8359-4AC1-BDC5-AE0C1745C87F}.Release|Any CPU.Build.0 = Release|Any CPU
		{1A188D6A-8359-4AC1-BDC5-AE0C1745C87F}.Release|x64.ActiveCfg = Release|Any CPU
		{1A188D6A-8359-4AC1-BDC5-AE0C1745C87F}.Release|x64.Build.0 = Release|Any CPU
		{1A188D6A-8359-4AC1-BDC5-AE0C1745C87F}.Release|x86.ActiveCfg = Release|Any CPU
		{1A188D6A-8359-4AC1-BDC5-AE0C1745C87F}.Release|x86.Build.0 = Release|Any CPU
		{A558D650-657B-41AB-A160-FF373CAFA693}.Debug|Any CPU.ActiveCfg = Debug|Any CPU
		{A558D650-657B-41AB-A160-FF373CAFA693}.Debug|Any CPU.Build.0 = Debug|Any CPU
		{A558D650-657B-41AB-A160-FF373CAFA693}.Debug|x64.ActiveCfg = Debug|Any CPU
		{A558D650-657B-41AB-A160-FF373CAFA693}.Debug|x64.Build.0 = Debug|Any CPU
		{A558D650-657B-41AB-A160-FF373CAFA693}.Debug|x86.ActiveCfg = Debug|Any CPU
		{A558D650-657B-41AB-A160-FF373CAFA693}.Debug|x86.Build.0 = Debug|Any CPU
		{A558D650-657B-41AB-A160-FF373CAFA693}.Release|Any CPU.ActiveCfg = Release|Any CPU
		{A558D650-657B-41AB-A160-FF373CAFA693}.Release|Any CPU.Build.0 = Release|Any CPU
		{A558D650-657B-41AB-A160-FF373CAFA693}.Release|x64.ActiveCfg = Release|Any CPU
		{A558D650-657B-41AB-A160-FF373CAFA693}.Release|x64.Build.0 = Release|Any CPU
		{A558D650-657B-41AB-A160-FF373CAFA693}.Release|x86.ActiveCfg = Release|Any CPU
		{A558D650-657B-41AB-A160-FF373CAFA693}.Release|x86.Build.0 = Release|Any CPU
	EndGlobalSection
	GlobalSection(SolutionProperties) = preSolution
		HideSolutionNode = FALSE
	EndGlobalSection
	GlobalSection(NestedProjects) = preSolution
		{0377FE28-BA4C-46A2-AE1F-6E2AF6DB7E57} = {827E0CD3-B72D-47B6-A68D-7590B98EB39B}
		{AE4EFBF5-6AD3-4CD7-8D06-2241309ED7D6} = {827E0CD3-B72D-47B6-A68D-7590B98EB39B}
		{580BAC04-0E1B-44C3-B286-909954C94D48} = {0AB3BF05-4346-4AA6-1389-037BE0695223}
		{1A188D6A-8359-4AC1-BDC5-AE0C1745C87F} = {827E0CD3-B72D-47B6-A68D-7590B98EB39B}
		{A558D650-657B-41AB-A160-FF373CAFA693} = {07C2787E-EAC7-C090-1BA3-A61EC2A24D84}
	EndGlobalSection
EndGlobal
