// !$*UTF8*$!
{
	archiveVersion = 1;
	classes = {
	};
	objectVersion = 77;
	objects = {

/* Begin PBXBuildFile section */
		2DF97FE1AE59D841EF9CB8FD /* ScreenFerryAgent in Frameworks */ = {isa = PBXBuildFile; productRef = 990C092DE3F712B8D79745ED /* ScreenFerryAgent */; };
		51AE1052AEAB8DDBBC2917C7 /* ScreenFerryApp.swift in Sources */ = {isa = PBXBuildFile; fileRef = AA9FB90DBAEB0153298E64E8 /* ScreenFerryApp.swift */; };
/* End PBXBuildFile section */

/* Begin PBXFileReference section */
		2144D84EF798DAD3905DAA72 /* ScreenFerry.app */ = {isa = PBXFileReference; explicitFileType = wrapper.application; includeInIndex = 0; path = ScreenFerry.app; sourceTree = BUILT_PRODUCTS_DIR; };
		27C8F608A9FE90C5FB8A1A7C /* Version.xcconfig */ = {isa = PBXFileReference; lastKnownFileType = text.xcconfig; path = Version.xcconfig; sourceTree = "<group>"; };
		7C1D0E5A3B9F4E2A8D6C1B07 /* Info.plist */ = {isa = PBXFileReference; lastKnownFileType = text.plist.xml; path = Info.plist; sourceTree = "<group>"; };
		AA9FB90DBAEB0153298E64E8 /* ScreenFerryApp.swift */ = {isa = PBXFileReference; lastKnownFileType = sourcecode.swift; path = ScreenFerryApp.swift; sourceTree = "<group>"; };
		ED02597DAEEC88F4D096AF1E /* ScreenFerryKit */ = {isa = PBXFileReference; lastKnownFileType = folder; name = ScreenFerryKit; path = ScreenFerryKit; sourceTree = SOURCE_ROOT; };
/* End PBXFileReference section */

/* Begin PBXFrameworksBuildPhase section */
		049A6E50A2E9C674DAC9A1CB /* Frameworks */ = {
			isa = PBXFrameworksBuildPhase;
			buildActionMask = 2147483647;
			files = (
				2DF97FE1AE59D841EF9CB8FD /* ScreenFerryAgent in Frameworks */,
			);
			runOnlyForDeploymentPostprocessing = 0;
		};
/* End PBXFrameworksBuildPhase section */

/* Begin PBXGroup section */
		339DF061786E90ABDDE3C47C /* Config */ = {
			isa = PBXGroup;
			children = (
				27C8F608A9FE90C5FB8A1A7C /* Version.xcconfig */,
			);
			path = Config;
			sourceTree = "<group>";
		};
		98A191E8B1E3AC618BDD7D41 /* Products */ = {
			isa = PBXGroup;
			children = (
				2144D84EF798DAD3905DAA72 /* ScreenFerry.app */,
			);
			name = Products;
			sourceTree = "<group>";
		};
		DD49E8DB8BF8A9FA36F4087E /* ScreenFerry */ = {
			isa = PBXGroup;
			children = (
				7C1D0E5A3B9F4E2A8D6C1B07 /* Info.plist */,
				AA9FB90DBAEB0153298E64E8 /* ScreenFerryApp.swift */,
			);
			path = ScreenFerry;
			sourceTree = "<group>";
		};
		E04E8DC4C26187FD6CC296E8 = {
			isa = PBXGroup;
			children = (
				339DF061786E90ABDDE3C47C /* Config */,
				E3286A6502337B6F86D314D4 /* Packages */,
				DD49E8DB8BF8A9FA36F4087E /* ScreenFerry */,
				98A191E8B1E3AC618BDD7D41 /* Products */,
			);
			sourceTree = "<group>";
		};
		E3286A6502337B6F86D314D4 /* Packages */ = {
			isa = PBXGroup;
			children = (
				ED02597DAEEC88F4D096AF1E /* ScreenFerryKit */,
			);
			name = Packages;
			sourceTree = "<group>";
		};
/* End PBXGroup section */

/* Begin PBXNativeTarget section */
		89A48131A5D5F104DB16A7AD /* ScreenFerry */ = {
			isa = PBXNativeTarget;
			buildConfigurationList = 68608B15A912140258451D5F /* Build configuration list for PBXNativeTarget "ScreenFerry" */;
			buildPhases = (
				A7E8CD992DD214711B745551 /* Sources */,
				049A6E50A2E9C674DAC9A1CB /* Frameworks */,
			);
			buildRules = (
			);
			dependencies = (
			);
			name = ScreenFerry;
			packageProductDependencies = (
				990C092DE3F712B8D79745ED /* ScreenFerryAgent */,
			);
			productName = ScreenFerry;
			productReference = 2144D84EF798DAD3905DAA72 /* ScreenFerry.app */;
			productType = "com.apple.product-type.application";
		};
/* End PBXNativeTarget section */

/* Begin PBXProject section */
		4B7B6E068653C361F7778002 /* Project object */ = {
			isa = PBXProject;
			attributes = {
				BuildIndependentTargetsInParallel = YES;
				LastUpgradeCheck = 2600;
				TargetAttributes = {
					89A48131A5D5F104DB16A7AD = {
						ProvisioningStyle = Automatic;
					};
				};
			};
			buildConfigurationList = B9E11B82E809C60E236045B8 /* Build configuration list for PBXProject "ScreenFerry" */;
			developmentRegion = en;
			hasScannedForEncodings = 0;
			knownRegions = (
				Base,
				en,
			);
			mainGroup = E04E8DC4C26187FD6CC296E8;
			minimizedProjectReferenceProxies = 1;
			packageReferences = (
				2A5DE04A821037F5C5CC3FA4 /* XCLocalSwiftPackageReference "ScreenFerryKit" */,
			);
			preferredProjectObjectVersion = 77;
			productRefGroup = 98A191E8B1E3AC618BDD7D41 /* Products */;
			projectDirPath = "";
			projectRoot = "";
			targets = (
				89A48131A5D5F104DB16A7AD /* ScreenFerry */,
			);
		};
/* End PBXProject section */

/* Begin PBXSourcesBuildPhase section */
		A7E8CD992DD214711B745551 /* Sources */ = {
			isa = PBXSourcesBuildPhase;
			buildActionMask = 2147483647;
			files = (
				51AE1052AEAB8DDBBC2917C7 /* ScreenFerryApp.swift in Sources */,
			);
			runOnlyForDeploymentPostprocessing = 0;
		};
/* End PBXSourcesBuildPhase section */

/* Begin XCBuildConfiguration section */
		1F399A86DAAE876CD3282A55 /* Debug */ = {
			isa = XCBuildConfiguration;
			baseConfigurationReference = 27C8F608A9FE90C5FB8A1A7C /* Version.xcconfig */;
			buildSettings = {
				ALWAYS_SEARCH_USER_PATHS = NO;
				CLANG_ANALYZER_NONNULL = YES;
				CLANG_ANALYZER_NUMBER_OBJECT_CONVERSION = YES_AGGRESSIVE;
				CLANG_CXX_LANGUAGE_STANDARD = "gnu++14";
				CLANG_CXX_LIBRARY = "libc++";
				CLANG_ENABLE_MODULES = YES;
				CLANG_ENABLE_OBJC_ARC = YES;
				CLANG_ENABLE_OBJC_WEAK = YES;
				CLANG_WARN_BLOCK_CAPTURE_AUTORELEASING = YES;
				CLANG_WARN_BOOL_CONVERSION = YES;
				CLANG_WARN_COMMA = YES;
				CLANG_WARN_CONSTANT_CONVERSION = YES;
				CLANG_WARN_DEPRECATED_OBJC_IMPLEMENTATIONS = YES;
				CLANG_WARN_DIRECT_OBJC_ISA_USAGE = YES_ERROR;
				CLANG_WARN_DOCUMENTATION_COMMENTS = YES;
				CLANG_WARN_EMPTY_BODY = YES;
				CLANG_WARN_ENUM_CONVERSION = YES;
				CLANG_WARN_INFINITE_RECURSION = YES;
				CLANG_WARN_INT_CONVERSION = YES;
				CLANG_WARN_NON_LITERAL_NULL_CONVERSION = YES;
				CLANG_WARN_OBJC_IMPLICIT_RETAIN_SELF = YES;
				CLANG_WARN_OBJC_LITERAL_CONVERSION = YES;
				CLANG_WARN_OBJC_ROOT_CLASS = YES_ERROR;
				CLANG_WARN_QUOTED_INCLUDE_IN_FRAMEWORK_HEADER = YES;
				CLANG_WARN_RANGE_LOOP_ANALYSIS = YES;
				CLANG_WARN_STRICT_PROTOTYPES = YES;
				CLANG_WARN_SUSPICIOUS_MOVE = YES;
				CLANG_WARN_UNGUARDED_AVAILABILITY = YES_AGGRESSIVE;
				CLANG_WARN_UNREACHABLE_CODE = YES;
				CLANG_WARN__DUPLICATE_METHOD_MATCH = YES;
				COPY_PHASE_STRIP = NO;
				DEAD_CODE_STRIPPING = YES;
				DEBUG_INFORMATION_FORMAT = dwarf;
				ENABLE_STRICT_OBJC_MSGSEND = YES;
				ENABLE_TESTABILITY = YES;
				ENABLE_USER_SCRIPT_SANDBOXING = YES;
				GCC_C_LANGUAGE_STANDARD = gnu11;
				GCC_DYNAMIC_NO_PIC = NO;
				GCC_NO_COMMON_BLOCKS = YES;
				GCC_OPTIMIZATION_LEVEL = 0;
				GCC_PREPROCESSOR_DEFINITIONS = (
					"$(inherited)",
					"DEBUG=1",
				);
				GCC_WARN_64_TO_32_BIT_CONVERSION = YES;
				GCC_WARN_ABOUT_RETURN_TYPE = YES_ERROR;
				GCC_WARN_UNDECLARED_SELECTOR = YES;
				GCC_WARN_UNINITIALIZED_AUTOS = YES_AGGRESSIVE;
				GCC_WARN_UNUSED_FUNCTION = YES;
				GCC_WARN_UNUSED_VARIABLE = YES;
				MACOSX_DEPLOYMENT_TARGET = 13.0;
				MTL_ENABLE_DEBUG_INFO = INCLUDE_SOURCE;
				MTL_FAST_MATH = YES;
				ONLY_ACTIVE_ARCH = YES;
				PRODUCT_NAME = "$(TARGET_NAME)";
				SDKROOT = macosx;
				SWIFT_ACTIVE_COMPILATION_CONDITIONS = DEBUG;
				SWIFT_OPTIMIZATION_LEVEL = "-Onone";
				SWIFT_VERSION = 6.0;
			};
			name = Debug;
		};
		3AF28A565D0B15C2973AD7F3 /* Release */ = {
			isa = XCBuildConfiguration;
			buildSettings = {
				ASSETCATALOG_COMPILER_APPICON_NAME = AppIcon;
				CODE_SIGN_IDENTITY = "-";
				CODE_SIGN_STYLE = Automatic;
				COMBINE_HIDPI_IMAGES = YES;
				ENABLE_HARDENED_RUNTIME = YES;
				GENERATE_INFOPLIST_FILE = YES;
				INFOPLIST_KEY_CFBundleDisplayName = ScreenFerry;
				INFOPLIST_KEY_LSApplicationCategoryType = "public.app-category.utilities";
				INFOPLIST_FILE = ScreenFerry/Info.plist;
				INFOPLIST_KEY_LSUIElement = YES;
				INFOPLIST_KEY_NSHumanReadableCopyright = "Copyright © ScreenFerry contributors. MIT License.";
				INFOPLIST_KEY_NSLocalNetworkUsageDescription = "ScreenFerry finds and talks to ScreenFerry on your other computers.";
				LD_RUNPATH_SEARCH_PATHS = (
					"$(inherited)",
					"@executable_path/../Frameworks",
				);
				PRODUCT_BUNDLE_IDENTIFIER = "io.github.ali-caglar.ScreenFerry";
				PRODUCT_NAME = ScreenFerry;
				SDKROOT = macosx;
			};
			name = Release;
		};
		F11A76568479E5A6C27021C1 /* Debug */ = {
			isa = XCBuildConfiguration;
			buildSettings = {
				ASSETCATALOG_COMPILER_APPICON_NAME = AppIcon;
				CODE_SIGN_IDENTITY = "-";
				CODE_SIGN_STYLE = Automatic;
				COMBINE_HIDPI_IMAGES = YES;
				ENABLE_HARDENED_RUNTIME = YES;
				GENERATE_INFOPLIST_FILE = YES;
				INFOPLIST_KEY_CFBundleDisplayName = ScreenFerry;
				INFOPLIST_KEY_LSApplicationCategoryType = "public.app-category.utilities";
				INFOPLIST_FILE = ScreenFerry/Info.plist;
				INFOPLIST_KEY_LSUIElement = YES;
				INFOPLIST_KEY_NSHumanReadableCopyright = "Copyright © ScreenFerry contributors. MIT License.";
				INFOPLIST_KEY_NSLocalNetworkUsageDescription = "ScreenFerry finds and talks to ScreenFerry on your other computers.";
				LD_RUNPATH_SEARCH_PATHS = (
					"$(inherited)",
					"@executable_path/../Frameworks",
				);
				PRODUCT_BUNDLE_IDENTIFIER = "io.github.ali-caglar.ScreenFerry";
				PRODUCT_NAME = ScreenFerry;
				SDKROOT = macosx;
			};
			name = Debug;
		};
		F666A74F8CB68D8FEEED5912 /* Release */ = {
			isa = XCBuildConfiguration;
			baseConfigurationReference = 27C8F608A9FE90C5FB8A1A7C /* Version.xcconfig */;
			buildSettings = {
				ALWAYS_SEARCH_USER_PATHS = NO;
				CLANG_ANALYZER_NONNULL = YES;
				CLANG_ANALYZER_NUMBER_OBJECT_CONVERSION = YES_AGGRESSIVE;
				CLANG_CXX_LANGUAGE_STANDARD = "gnu++14";
				CLANG_CXX_LIBRARY = "libc++";
				CLANG_ENABLE_MODULES = YES;
				CLANG_ENABLE_OBJC_ARC = YES;
				CLANG_ENABLE_OBJC_WEAK = YES;
				CLANG_WARN_BLOCK_CAPTURE_AUTORELEASING = YES;
				CLANG_WARN_BOOL_CONVERSION = YES;
				CLANG_WARN_COMMA = YES;
				CLANG_WARN_CONSTANT_CONVERSION = YES;
				CLANG_WARN_DEPRECATED_OBJC_IMPLEMENTATIONS = YES;
				CLANG_WARN_DIRECT_OBJC_ISA_USAGE = YES_ERROR;
				CLANG_WARN_DOCUMENTATION_COMMENTS = YES;
				CLANG_WARN_EMPTY_BODY = YES;
				CLANG_WARN_ENUM_CONVERSION = YES;
				CLANG_WARN_INFINITE_RECURSION = YES;
				CLANG_WARN_INT_CONVERSION = YES;
				CLANG_WARN_NON_LITERAL_NULL_CONVERSION = YES;
				CLANG_WARN_OBJC_IMPLICIT_RETAIN_SELF = YES;
				CLANG_WARN_OBJC_LITERAL_CONVERSION = YES;
				CLANG_WARN_OBJC_ROOT_CLASS = YES_ERROR;
				CLANG_WARN_QUOTED_INCLUDE_IN_FRAMEWORK_HEADER = YES;
				CLANG_WARN_RANGE_LOOP_ANALYSIS = YES;
				CLANG_WARN_STRICT_PROTOTYPES = YES;
				CLANG_WARN_SUSPICIOUS_MOVE = YES;
				CLANG_WARN_UNGUARDED_AVAILABILITY = YES_AGGRESSIVE;
				CLANG_WARN_UNREACHABLE_CODE = YES;
				CLANG_WARN__DUPLICATE_METHOD_MATCH = YES;
				COPY_PHASE_STRIP = NO;
				DEAD_CODE_STRIPPING = YES;
				DEBUG_INFORMATION_FORMAT = "dwarf-with-dsym";
				ENABLE_NS_ASSERTIONS = NO;
				ENABLE_STRICT_OBJC_MSGSEND = YES;
				ENABLE_USER_SCRIPT_SANDBOXING = YES;
				GCC_C_LANGUAGE_STANDARD = gnu11;
				GCC_NO_COMMON_BLOCKS = YES;
				GCC_WARN_64_TO_32_BIT_CONVERSION = YES;
				GCC_WARN_ABOUT_RETURN_TYPE = YES_ERROR;
				GCC_WARN_UNDECLARED_SELECTOR = YES;
				GCC_WARN_UNINITIALIZED_AUTOS = YES_AGGRESSIVE;
				GCC_WARN_UNUSED_FUNCTION = YES;
				GCC_WARN_UNUSED_VARIABLE = YES;
				MACOSX_DEPLOYMENT_TARGET = 13.0;
				MTL_ENABLE_DEBUG_INFO = NO;
				MTL_FAST_MATH = YES;
				PRODUCT_NAME = "$(TARGET_NAME)";
				SDKROOT = macosx;
				SWIFT_COMPILATION_MODE = wholemodule;
				SWIFT_OPTIMIZATION_LEVEL = "-O";
				SWIFT_VERSION = 6.0;
			};
			name = Release;
		};
/* End XCBuildConfiguration section */

/* Begin XCConfigurationList section */
		68608B15A912140258451D5F /* Build configuration list for PBXNativeTarget "ScreenFerry" */ = {
			isa = XCConfigurationList;
			buildConfigurations = (
				F11A76568479E5A6C27021C1 /* Debug */,
				3AF28A565D0B15C2973AD7F3 /* Release */,
			);
			defaultConfigurationIsVisible = 0;
			defaultConfigurationName = Debug;
		};
		B9E11B82E809C60E236045B8 /* Build configuration list for PBXProject "ScreenFerry" */ = {
			isa = XCConfigurationList;
			buildConfigurations = (
				1F399A86DAAE876CD3282A55 /* Debug */,
				F666A74F8CB68D8FEEED5912 /* Release */,
			);
			defaultConfigurationIsVisible = 0;
			defaultConfigurationName = Debug;
		};
/* End XCConfigurationList section */

/* Begin XCLocalSwiftPackageReference section */
		2A5DE04A821037F5C5CC3FA4 /* XCLocalSwiftPackageReference "ScreenFerryKit" */ = {
			isa = XCLocalSwiftPackageReference;
			relativePath = ScreenFerryKit;
		};
/* End XCLocalSwiftPackageReference section */

/* Begin XCSwiftPackageProductDependency section */
		990C092DE3F712B8D79745ED /* ScreenFerryAgent */ = {
			isa = XCSwiftPackageProductDependency;
			productName = ScreenFerryAgent;
		};
/* End XCSwiftPackageProductDependency section */
	};
	rootObject = 4B7B6E068653C361F7778002 /* Project object */;
}
